
Microsoft Visual Studio Solution File, Format Version 12.00
# Visual Studio Version 17
VisualStudioVersion = 17.14.36603.0 d17.14
MinimumVisualStudioVersion = 10.0.40219.1
Project("{FAE04EC0-301F-11D3-BF4B-00C04F79EFBC}") = "tugas2_Abimanyu_X_PPLG_2", "tugas2_Abimanyu_X_PPLG_2\tugas2_Abimanyu_X_PPLG_2.csproj", "{74C4CED5-8429-4CC2-B34F-0CAEAD58CB46}"
EndProject
Global
	GlobalSection(SolutionConfigurationPlatforms) = preSolution
		Debug|Any CPU = Debug|Any CPU
		Release|Any CPU = Release|Any CPU
	EndGlobalSection
	GlobalSection(ProjectConfigurationPlatforms) = postSolution
		{74C4CED5-8429-4CC2-B34F-0CAEAD58CB46}.Debug|Any CPU.ActiveCfg = Debug|Any CPU
		{74C4CED5-8429-4CC2-B34F-0CAEAD58CB46}.Debug|Any CPU.Build.0 = Debug|Any CPU
		{74C4CED5-8429-4CC2-B34F-0CAEAD58CB46}.Release|Any CPU.ActiveCfg = Release|Any CPU
		{74C4CED5-8429-4CC2-B34F-0CAEAD58CB46}.Release|Any CPU.Build.0 = Release|Any CPU
	EndGlobalSection
	GlobalSection(SolutionProperties) = preSolution
		HideSolutionNode = FALSE
	EndGlobalSection
	GlobalSection(ExtensibilityGlobals) = postSolution
		SolutionGuid = {4BC5FF32-DF68-4E8D-A0BC-4A5CD9EADD7D}
	EndGlobalSection
EndGlobal
