
Microsoft Visual Studio Solution File, Format Version 12.00
# Visual Studio Version 17
VisualStudioVersion = 17.14.36603.0 d17.14
MinimumVisualStudioVersion = 10.0.40219.1
Project("{FAE04EC0-301F-11D3-BF4B-00C04F79EFBC}") = "Praktik_7.2_Abimanyu_X_PPLG_2", "Praktik_7.2_Abimanyu_X_PPLG_2\Praktik_7.2_Abimanyu_X_PPLG_2.csproj", "{9421250E-8160-45CA-9DCE-56BD45BB15BA}"
EndProject
Global
	GlobalSection(SolutionConfigurationPlatforms) = preSolution
		Debug|Any CPU = Debug|Any CPU
		Release|Any CPU = Release|Any CPU
	EndGlobalSection
	GlobalSection(ProjectConfigurationPlatforms) = postSolution
		{9421250E-8160-45CA-9DCE-56BD45BB15BA}.Debug|Any CPU.ActiveCfg = Debug|Any CPU
		{9421250E-8160-45CA-9DCE-56BD45BB15BA}.Debug|Any CPU.Build.0 = Debug|Any CPU
		{9421250E-8160-45CA-9DCE-56BD45BB15BA}.Release|Any CPU.ActiveCfg = Release|Any CPU
		{9421250E-8160-45CA-9DCE-56BD45BB15BA}.Release|Any CPU.Build.0 = Release|Any CPU
	EndGlobalSection
	GlobalSection(SolutionProperties) = preSolution
		HideSolutionNode = FALSE
	EndGlobalSection
	GlobalSection(ExtensibilityGlobals) = postSolution
		SolutionGuid = {54998D53-A8A3-46BD-A4BF-7949CC75C828}
	EndGlobalSection
EndGlobal
