
Microsoft Visual Studio Solution File, Format Version 12.00
# Visual Studio Version 17
VisualStudioVersion = 17.14.36603.0 d17.14
MinimumVisualStudioVersion = 10.0.40219.1
Project("{FAE04EC0-301F-11D3-BF4B-00C04F79EFBC}") = "Praktik_7.1_Abimanyu_X_PPLG_2", "Praktik_7.1_Abimanyu_X_PPLG_2\Praktik_7.1_Abimanyu_X_PPLG_2.csproj", "{9C725308-36C5-4506-8630-5D0A07238CB1}"
EndProject
Global
	GlobalSection(SolutionConfigurationPlatforms) = preSolution
		Debug|Any CPU = Debug|Any CPU
		Release|Any CPU = Release|Any CPU
	EndGlobalSection
	GlobalSection(ProjectConfigurationPlatforms) = postSolution
		{9C725308-36C5-4506-8630-5D0A07238CB1}.Debug|Any CPU.ActiveCfg = Debug|Any CPU
		{9C725308-36C5-4506-8630-5D0A07238CB1}.Debug|Any CPU.Build.0 = Debug|Any CPU
		{9C725308-36C5-4506-8630-5D0A07238CB1}.Release|Any CPU.ActiveCfg = Release|Any CPU
		{9C725308-36C5-4506-8630-5D0A07238CB1}.Release|Any CPU.Build.0 = Release|Any CPU
	EndGlobalSection
	GlobalSection(SolutionProperties) = preSolution
		HideSolutionNode = FALSE
	EndGlobalSection
	GlobalSection(ExtensibilityGlobals) = postSolution
		SolutionGuid = {D3A5046A-577C-4DE8-A19A-26F4FD6EC87E}
	EndGlobalSection
EndGlobal
